
Microsoft Visual Studio Solution File, Format Version 12.00
# Visual Studio 2017
Project("{FAE04EC0-301F-11D3-BF4B-00C04F79EFBC}") = "Bouncing and Sliding", "Bouncing and Sliding.csproj", "{E32B0169-CEAF-FE3B-3C51-E73AE3A4DC29}"
EndProject
Global
	GlobalSection(SolutionConfigurationPlatforms) = preSolution
		Debug|Any CPU = Debug|Any CPU
		Release|Any CPU = Release|Any CPU
	EndGlobalSection
	GlobalSection(ProjectConfigurationPlatforms) = postSolution
		{E32B0169-CEAF-FE3B-3C51-E73AE3A4DC29}.Debug|Any CPU.ActiveCfg = Debug|Any CPU
		{E32B0169-CEAF-FE3B-3C51-E73AE3A4DC29}.Debug|Any CPU.Build.0 = Debug|Any CPU
		{E32B0169-CEAF-FE3B-3C51-E73AE3A4DC29}.Release|Any CPU.ActiveCfg = Release|Any CPU
		{E32B0169-CEAF-FE3B-3C51-E73AE3A4DC29}.Release|Any CPU.Build.0 = Release|Any CPU
	EndGlobalSection
	GlobalSection(SolutionProperties) = preSolution
		HideSolutionNode = FALSE
	EndGlobalSection
EndGlobal
